// !$*UTF8*$!
{
	archiveVersion = 1;
	classes = {
	};
	objectVersion = 46;
	objects = {

/* Begin PBXBuildFile section */
		733757271CA5888000FF4F03 /* TCCollections.h in CopyFiles */ = {isa = PBXBuildFile; fileRef = 733757261CA5888000FF4F03 /* TCCollections.h */; };
		733757681CA5894500FF4F03 /* TCCollectionController.m in Sources */ = {isa = PBXBuildFile; fileRef = 733757351CA5894500FF4F03 /* TCCollectionController.m */; };
		733757691CA5894500FF4F03 /* TCTitledCollectionController.m in Sources */ = {isa = PBXBuildFile; fileRef = 733757371CA5894500FF4F03 /* TCTitledCollectionController.m */; };
		7337576A1CA5894500FF4F03 /* TCCollectionModel.m in Sources */ = {isa = PBXBuildFile; fileRef = 7337573B1CA5894500FF4F03 /* TCCollectionModel.m */; };
		7337576B1CA5894500FF4F03 /* TCTitledCollectionView.m in Sources */ = {isa = PBXBuildFile; fileRef = 733757401CA5894500FF4F03 /* TCTitledCollectionView.m */; };
		7337576C1CA5894500FF4F03 /* UICollectionView+Updates.m in Sources */ = {isa = PBXBuildFile; fileRef = 733757421CA5894500FF4F03 /* UICollectionView+Updates.m */; };
		7337576D1CA5894500FF4F03 /* TCSelectionController.m in Sources */ = {isa = PBXBuildFile; fileRef = 733757461CA5894500FF4F03 /* TCSelectionController.m */; };
		7337576E1CA5894500FF4F03 /* TCSelectionModel.m in Sources */ = {isa = PBXBuildFile; fileRef = 7337574A1CA5894500FF4F03 /* TCSelectionModel.m */; };
		7337576F1CA5894500FF4F03 /* TCTableViewController.m in Sources */ = {isa = PBXBuildFile; fileRef = 7337574E1CA5894500FF4F03 /* TCTableViewController.m */; };
		733757701CA5894500FF4F03 /* TCTableModel.m in Sources */ = {isa = PBXBuildFile; fileRef = 733757521CA5894500FF4F03 /* TCTableModel.m */; };
		733757711CA5894500FF4F03 /* TCTableBaseView.m in Sources */ = {isa = PBXBuildFile; fileRef = 733757551CA5894500FF4F03 /* TCTableBaseView.m */; };
		733757721CA5894500FF4F03 /* TCCollectionManagedModel.m in Sources */ = {isa = PBXBuildFile; fileRef = 7337575C1CA5894500FF4F03 /* TCCollectionManagedModel.m */; };
		733757731CA5894500FF4F03 /* TCSelectionManagedModel.m in Sources */ = {isa = PBXBuildFile; fileRef = 733757601CA5894500FF4F03 /* TCSelectionManagedModel.m */; };
		733757741CA5894500FF4F03 /* TCTableManagedModel.m in Sources */ = {isa = PBXBuildFile; fileRef = 733757651CA5894500FF4F03 /* TCTableManagedModel.m */; };
		733757781CA589E200FF4F03 /* Foundation.framework in Frameworks */ = {isa = PBXBuildFile; fileRef = 733757771CA589E200FF4F03 /* Foundation.framework */; };
		7337577A1CA589EF00FF4F03 /* UIKit.framework in Frameworks */ = {isa = PBXBuildFile; fileRef = 733757791CA589EF00FF4F03 /* UIKit.framework */; };
		73A760571D5A47600038049A /* TCTableController.m in Sources */ = {isa = PBXBuildFile; fileRef = 73A760561D5A47600038049A /* TCTableController.m */; };
		73D7881A1D5A5E5400627624 /* TCTableViewController+TableKeyboardLayout.m in Sources */ = {isa = PBXBuildFile; fileRef = 73D788191D5A5E5400627624 /* TCTableViewController+TableKeyboardLayout.m */; };
		D6FD007B19069E3631FB0922 /* libPods-TCCollections.a in Frameworks */ = {isa = PBXBuildFile; fileRef = 0FEF50551282EF6BFC7BA72B /* libPods-TCCollections.a */; };
/* End PBXBuildFile section */

/* Begin PBXCopyFilesBuildPhase section */
		733757211CA5888000FF4F03 /* CopyFiles */ = {
			isa = PBXCopyFilesBuildPhase;
			buildActionMask = 2147483647;
			dstPath = "include/$(PRODUCT_NAME)";
			dstSubfolderSpec = 16;
			files = (
				733757271CA5888000FF4F03 /* TCCollections.h in CopyFiles */,
			);
			runOnlyForDeploymentPostprocessing = 0;
		};
/* End PBXCopyFilesBuildPhase section */

/* Begin PBXFileReference section */
		0FEF50551282EF6BFC7BA72B /* libPods-TCCollections.a */ = {isa = PBXFileReference; explicitFileType = archive.ar; includeInIndex = 0; path = "libPods-TCCollections.a"; sourceTree = BUILT_PRODUCTS_DIR; };
		7306FA471CA6F92700D67444 /* TCCollectionsConstants.h */ = {isa = PBXFileReference; lastKnownFileType = sourcecode.c.h; name = TCCollectionsConstants.h; path = Core/TCCollectionsConstants.h; sourceTree = "<group>"; };
		730A871B1D5A5B6F00DD3D94 /* TCTableViewContainer.h */ = {isa = PBXFileReference; fileEncoding = 4; lastKnownFileType = sourcecode.c.h; path = TCTableViewContainer.h; sourceTree = "<group>"; };
		733757231CA5888000FF4F03 /* libTCCollections.a */ = {isa = PBXFileReference; explicitFileType = archive.ar; includeInIndex = 0; path = libTCCollections.a; sourceTree = BUILT_PRODUCTS_DIR; };
		733757261CA5888000FF4F03 /* TCCollections.h */ = {isa = PBXFileReference; lastKnownFileType = sourcecode.c.h; path = TCCollections.h; sourceTree = "<group>"; };
		733757341CA5894500FF4F03 /* TCCollectionController.h */ = {isa = PBXFileReference; fileEncoding = 4; lastKnownFileType = sourcecode.c.h; path = TCCollectionController.h; sourceTree = "<group>"; };
		733757351CA5894500FF4F03 /* TCCollectionController.m */ = {isa = PBXFileReference; fileEncoding = 4; lastKnownFileType = sourcecode.c.objc; path = TCCollectionController.m; sourceTree = "<group>"; };
		733757361CA5894500FF4F03 /* TCTitledCollectionController.h */ = {isa = PBXFileReference; fileEncoding = 4; lastKnownFileType = sourcecode.c.h; path = TCTitledCollectionController.h; sourceTree = "<group>"; };
		733757371CA5894500FF4F03 /* TCTitledCollectionController.m */ = {isa = PBXFileReference; fileEncoding = 4; lastKnownFileType = sourcecode.c.objc; path = TCTitledCollectionController.m; sourceTree = "<group>"; };
		733757391CA5894500FF4F03 /* TCCollectionModel+Subclass.h */ = {isa = PBXFileReference; fileEncoding = 4; lastKnownFileType = sourcecode.c.h; path = "TCCollectionModel+Subclass.h"; sourceTree = "<group>"; };
		7337573A1CA5894500FF4F03 /* TCCollectionModel.h */ = {isa = PBXFileReference; fileEncoding = 4; lastKnownFileType = sourcecode.c.h; path = TCCollectionModel.h; sourceTree = "<group>"; };
		7337573B1CA5894500FF4F03 /* TCCollectionModel.m */ = {isa = PBXFileReference; fileEncoding = 4; lastKnownFileType = sourcecode.c.objc; path = TCCollectionModel.m; sourceTree = "<group>"; };
		7337573C1CA5894500FF4F03 /* TCTitledCollectionModel.h */ = {isa = PBXFileReference; fileEncoding = 4; lastKnownFileType = sourcecode.c.h; path = TCTitledCollectionModel.h; sourceTree = "<group>"; };
		7337573E1CA5894500FF4F03 /* TCCollectionCell.h */ = {isa = PBXFileReference; fileEncoding = 4; lastKnownFileType = sourcecode.c.h; path = TCCollectionCell.h; sourceTree = "<group>"; };
		7337573F1CA5894500FF4F03 /* TCTitledCollectionView.h */ = {isa = PBXFileReference; fileEncoding = 4; lastKnownFileType = sourcecode.c.h; path = TCTitledCollectionView.h; sourceTree = "<group>"; };
		733757401CA5894500FF4F03 /* TCTitledCollectionView.m */ = {isa = PBXFileReference; fileEncoding = 4; lastKnownFileType = sourcecode.c.objc; path = TCTitledCollectionView.m; sourceTree = "<group>"; };
		733757411CA5894500FF4F03 /* UICollectionView+Updates.h */ = {isa = PBXFileReference; fileEncoding = 4; lastKnownFileType = sourcecode.c.h; path = "UICollectionView+Updates.h"; sourceTree = "<group>"; };
		733757421CA5894500FF4F03 /* UICollectionView+Updates.m */ = {isa = PBXFileReference; fileEncoding = 4; lastKnownFileType = sourcecode.c.objc; path = "UICollectionView+Updates.m"; sourceTree = "<group>"; };
		733757451CA5894500FF4F03 /* TCSelectionController.h */ = {isa = PBXFileReference; fileEncoding = 4; lastKnownFileType = sourcecode.c.h; path = TCSelectionController.h; sourceTree = "<group>"; };
		733757461CA5894500FF4F03 /* TCSelectionController.m */ = {isa = PBXFileReference; fileEncoding = 4; lastKnownFileType = sourcecode.c.objc; path = TCSelectionController.m; sourceTree = "<group>"; };
		733757481CA5894500FF4F03 /* TCSelectionControllerModel.h */ = {isa = PBXFileReference; fileEncoding = 4; lastKnownFileType = sourcecode.c.h; path = TCSelectionControllerModel.h; sourceTree = "<group>"; };
		733757491CA5894500FF4F03 /* TCSelectionModel.h */ = {isa = PBXFileReference; fileEncoding = 4; lastKnownFileType = sourcecode.c.h; path = TCSelectionModel.h; sourceTree = "<group>"; };
		7337574A1CA5894500FF4F03 /* TCSelectionModel.m */ = {isa = PBXFileReference; fileEncoding = 4; lastKnownFileType = sourcecode.c.objc; path = TCSelectionModel.m; sourceTree = "<group>"; };
		7337574D1CA5894500FF4F03 /* TCTableViewController.h */ = {isa = PBXFileReference; fileEncoding = 4; lastKnownFileType = sourcecode.c.h; path = TCTableViewController.h; sourceTree = "<group>"; };
		7337574E1CA5894500FF4F03 /* TCTableViewController.m */ = {isa = PBXFileReference; fileEncoding = 4; lastKnownFileType = sourcecode.c.objc; path = TCTableViewController.m; sourceTree = "<group>"; };
		733757501CA5894500FF4F03 /* TCTableModel+Subclass.h */ = {isa = PBXFileReference; fileEncoding = 4; lastKnownFileType = sourcecode.c.h; path = "TCTableModel+Subclass.h"; sourceTree = "<group>"; };
		733757511CA5894500FF4F03 /* TCTableModel.h */ = {isa = PBXFileReference; fileEncoding = 4; lastKnownFileType = sourcecode.c.h; path = TCTableModel.h; sourceTree = "<group>"; };
		733757521CA5894500FF4F03 /* TCTableModel.m */ = {isa = PBXFileReference; fileEncoding = 4; lastKnownFileType = sourcecode.c.objc; path = TCTableModel.m; sourceTree = "<group>"; };
		733757541CA5894500FF4F03 /* TCTableBaseView.h */ = {isa = PBXFileReference; fileEncoding = 4; lastKnownFileType = sourcecode.c.h; path = TCTableBaseView.h; sourceTree = "<group>"; };
		733757551CA5894500FF4F03 /* TCTableBaseView.m */ = {isa = PBXFileReference; fileEncoding = 4; lastKnownFileType = sourcecode.c.objc; path = TCTableBaseView.m; sourceTree = "<group>"; };
		733757561CA5894500FF4F03 /* TCTableViewCell.h */ = {isa = PBXFileReference; fileEncoding = 4; lastKnownFileType = sourcecode.c.h; path = TCTableViewCell.h; sourceTree = "<group>"; };
		7337575A1CA5894500FF4F03 /* TCCollectionManagedModel+Subclass.h */ = {isa = PBXFileReference; fileEncoding = 4; lastKnownFileType = sourcecode.c.h; path = "TCCollectionManagedModel+Subclass.h"; sourceTree = "<group>"; };
		7337575B1CA5894500FF4F03 /* TCCollectionManagedModel.h */ = {isa = PBXFileReference; fileEncoding = 4; lastKnownFileType = sourcecode.c.h; path = TCCollectionManagedModel.h; sourceTree = "<group>"; };
		7337575C1CA5894500FF4F03 /* TCCollectionManagedModel.m */ = {isa = PBXFileReference; fileEncoding = 4; lastKnownFileType = sourcecode.c.objc; path = TCCollectionManagedModel.m; sourceTree = "<group>"; };
		7337575F1CA5894500FF4F03 /* TCSelectionManagedModel.h */ = {isa = PBXFileReference; fileEncoding = 4; lastKnownFileType = sourcecode.c.h; path = TCSelectionManagedModel.h; sourceTree = "<group>"; };
		733757601CA5894500FF4F03 /* TCSelectionManagedModel.m */ = {isa = PBXFileReference; fileEncoding = 4; lastKnownFileType = sourcecode.c.objc; path = TCSelectionManagedModel.m; sourceTree = "<group>"; };
		733757631CA5894500FF4F03 /* TCTableManagedModel+Subclass.h */ = {isa = PBXFileReference; fileEncoding = 4; lastKnownFileType = sourcecode.c.h; path = "TCTableManagedModel+Subclass.h"; sourceTree = "<group>"; };
		733757641CA5894500FF4F03 /* TCTableManagedModel.h */ = {isa = PBXFileReference; fileEncoding = 4; lastKnownFileType = sourcecode.c.h; path = TCTableManagedModel.h; sourceTree = "<group>"; };
		733757651CA5894500FF4F03 /* TCTableManagedModel.m */ = {isa = PBXFileReference; fileEncoding = 4; lastKnownFileType = sourcecode.c.objc; path = TCTableManagedModel.m; sourceTree = "<group>"; };
		733757761CA589D100FF4F03 /* TCCollections-Prefix.pch */ = {isa = PBXFileReference; fileEncoding = 4; lastKnownFileType = sourcecode.c.h; path = "TCCollections-Prefix.pch"; sourceTree = "<group>"; };
		733757771CA589E200FF4F03 /* Foundation.framework */ = {isa = PBXFileReference; lastKnownFileType = wrapper.framework; name = Foundation.framework; path = System/Library/Frameworks/Foundation.framework; sourceTree = SDKROOT; };
		733757791CA589EF00FF4F03 /* UIKit.framework */ = {isa = PBXFileReference; lastKnownFileType = wrapper.framework; name = UIKit.framework; path = System/Library/Frameworks/UIKit.framework; sourceTree = SDKROOT; };
		7337577D1CA58D0200FF4F03 /* LICENSE */ = {isa = PBXFileReference; fileEncoding = 4; lastKnownFileType = text; path = LICENSE; sourceTree = "<group>"; };
		7337577E1CA58D0200FF4F03 /* README.md */ = {isa = PBXFileReference; fileEncoding = 4; lastKnownFileType = net.daringfireball.markdown; path = README.md; sourceTree = "<group>"; };
		7337577F1CA58D0200FF4F03 /* TCCollections.podspec */ = {isa = PBXFileReference; fileEncoding = 4; lastKnownFileType = text; path = TCCollections.podspec; sourceTree = "<group>"; };
		7394B3881D4A312C001309AE /* TCTableViewModel.h */ = {isa = PBXFileReference; fileEncoding = 4; lastKnownFileType = sourcecode.c.h; path = TCTableViewModel.h; sourceTree = "<group>"; };
		7394B3891D4A336B001309AE /* TCCollectionViewModel.h */ = {isa = PBXFileReference; fileEncoding = 4; lastKnownFileType = sourcecode.c.h; path = TCCollectionViewModel.h; sourceTree = "<group>"; };
		73A760551D5A47600038049A /* TCTableController.h */ = {isa = PBXFileReference; fileEncoding = 4; lastKnownFileType = sourcecode.c.h; path = TCTableController.h; sourceTree = "<group>"; };
		73A760561D5A47600038049A /* TCTableController.m */ = {isa = PBXFileReference; fileEncoding = 4; lastKnownFileType = sourcecode.c.objc; path = TCTableController.m; sourceTree = "<group>"; };
		73D788181D5A5E5400627624 /* TCTableViewController+TableKeyboardLayout.h */ = {isa = PBXFileReference; fileEncoding = 4; lastKnownFileType = sourcecode.c.h; path = "TCTableViewController+TableKeyboardLayout.h"; sourceTree = "<group>"; };
		73D788191D5A5E5400627624 /* TCTableViewController+TableKeyboardLayout.m */ = {isa = PBXFileReference; fileEncoding = 4; lastKnownFileType = sourcecode.c.objc; path = "TCTableViewController+TableKeyboardLayout.m"; sourceTree = "<group>"; };
		73EA9A081CA7BFF8002C1D6A /* TCSectionHeaderView.h */ = {isa = PBXFileReference; fileEncoding = 4; lastKnownFileType = sourcecode.c.h; path = TCSectionHeaderView.h; sourceTree = "<group>"; };
		9078595800ECA69BA2D33253 /* Pods-TCCollections.debug.xcconfig */ = {isa = PBXFileReference; includeInIndex = 1; lastKnownFileType = text.xcconfig; name = "Pods-TCCollections.debug.xcconfig"; path = "Pods/Target Support Files/Pods-TCCollections/Pods-TCCollections.debug.xcconfig"; sourceTree = "<group>"; };
		C96ED412C5845A407D74938F /* Pods-TCCollections.release.xcconfig */ = {isa = PBXFileReference; includeInIndex = 1; lastKnownFileType = text.xcconfig; name = "Pods-TCCollections.release.xcconfig"; path = "Pods/Target Support Files/Pods-TCCollections/Pods-TCCollections.release.xcconfig"; sourceTree = "<group>"; };
/* End PBXFileReference section */

/* Begin PBXFrameworksBuildPhase section */
		733757201CA5888000FF4F03 /* Frameworks */ = {
			isa = PBXFrameworksBuildPhase;
			buildActionMask = 2147483647;
			files = (
				7337577A1CA589EF00FF4F03 /* UIKit.framework in Frameworks */,
				733757781CA589E200FF4F03 /* Foundation.framework in Frameworks */,
				D6FD007B19069E3631FB0922 /* libPods-TCCollections.a in Frameworks */,
			);
			runOnlyForDeploymentPostprocessing = 0;
		};
/* End PBXFrameworksBuildPhase section */

/* Begin PBXGroup section */
		5E8ABE0C4022D65EFBF3616B /* Pods */ = {
			isa = PBXGroup;
			children = (
				9078595800ECA69BA2D33253 /* Pods-TCCollections.debug.xcconfig */,
				C96ED412C5845A407D74938F /* Pods-TCCollections.release.xcconfig */,
			);
			name = Pods;
			sourceTree = "<group>";
		};
		7337571A1CA5888000FF4F03 = {
			isa = PBXGroup;
			children = (
				7337577C1CA58CDE00FF4F03 /* Podspec Metadata */,
				733757251CA5888000FF4F03 /* TCCollections */,
				7337577B1CA589F900FF4F03 /* Frameworks */,
				733757241CA5888000FF4F03 /* Products */,
				5E8ABE0C4022D65EFBF3616B /* Pods */,
			);
			sourceTree = "<group>";
		};
		733757241CA5888000FF4F03 /* Products */ = {
			isa = PBXGroup;
			children = (
				733757231CA5888000FF4F03 /* libTCCollections.a */,
			);
			name = Products;
			sourceTree = "<group>";
		};
		733757251CA5888000FF4F03 /* TCCollections */ = {
			isa = PBXGroup;
			children = (
				733757301CA5894500FF4F03 /* Core */,
				733757571CA5894500FF4F03 /* CoreData */,
				733757751CA5895900FF4F03 /* Suporting Files */,
				733757261CA5888000FF4F03 /* TCCollections.h */,
				7306FA471CA6F92700D67444 /* TCCollectionsConstants.h */,
			);
			path = TCCollections;
			sourceTree = "<group>";
		};
		733757301CA5894500FF4F03 /* Core */ = {
			isa = PBXGroup;
			children = (
				733757321CA5894500FF4F03 /* TCCollectionView */,
				733757431CA5894500FF4F03 /* TCSelectionController */,
				7337574B1CA5894500FF4F03 /* TCTableViewController */,
			);
			path = Core;
			sourceTree = "<group>";
		};
		733757321CA5894500FF4F03 /* TCCollectionView */ = {
			isa = PBXGroup;
			children = (
				733757331CA5894500FF4F03 /* Controller */,
				733757381CA5894500FF4F03 /* Model */,
				7337573D1CA5894500FF4F03 /* View */,
			);
			path = TCCollectionView;
			sourceTree = "<group>";
		};
		733757331CA5894500FF4F03 /* Controller */ = {
			isa = PBXGroup;
			children = (
				733757341CA5894500FF4F03 /* TCCollectionController.h */,
				733757351CA5894500FF4F03 /* TCCollectionController.m */,
				733757361CA5894500FF4F03 /* TCTitledCollectionController.h */,
				733757371CA5894500FF4F03 /* TCTitledCollectionController.m */,
			);
			path = Controller;
			sourceTree = "<group>";
		};
		733757381CA5894500FF4F03 /* Model */ = {
			isa = PBXGroup;
			children = (
				7394B3891D4A336B001309AE /* TCCollectionViewModel.h */,
				7337573C1CA5894500FF4F03 /* TCTitledCollectionModel.h */,
				733757391CA5894500FF4F03 /* TCCollectionModel+Subclass.h */,
				7337573A1CA5894500FF4F03 /* TCCollectionModel.h */,
				7337573B1CA5894500FF4F03 /* TCCollectionModel.m */,
			);
			path = Model;
			sourceTree = "<group>";
		};
		7337573D1CA5894500FF4F03 /* View */ = {
			isa = PBXGroup;
			children = (
				7337573E1CA5894500FF4F03 /* TCCollectionCell.h */,
				7337573F1CA5894500FF4F03 /* TCTitledCollectionView.h */,
				733757401CA5894500FF4F03 /* TCTitledCollectionView.m */,
				733757411CA5894500FF4F03 /* UICollectionView+Updates.h */,
				733757421CA5894500FF4F03 /* UICollectionView+Updates.m */,
			);
			path = View;
			sourceTree = "<group>";
		};
		733757431CA5894500FF4F03 /* TCSelectionController */ = {
			isa = PBXGroup;
			children = (
				733757441CA5894500FF4F03 /* Controller */,
				733757471CA5894500FF4F03 /* Model */,
			);
			path = TCSelectionController;
			sourceTree = "<group>";
		};
		733757441CA5894500FF4F03 /* Controller */ = {
			isa = PBXGroup;
			children = (
				733757451CA5894500FF4F03 /* TCSelectionController.h */,
				733757461CA5894500FF4F03 /* TCSelectionController.m */,
			);
			path = Controller;
			sourceTree = "<group>";
		};
		733757471CA5894500FF4F03 /* Model */ = {
			isa = PBXGroup;
			children = (
				733757481CA5894500FF4F03 /* TCSelectionControllerModel.h */,
				733757491CA5894500FF4F03 /* TCSelectionModel.h */,
				7337574A1CA5894500FF4F03 /* TCSelectionModel.m */,
			);
			path = Model;
			sourceTree = "<group>";
		};
		7337574B1CA5894500FF4F03 /* TCTableViewController */ = {
			isa = PBXGroup;
			children = (
				7337574C1CA5894500FF4F03 /* Controller */,
				7337574F1CA5894500FF4F03 /* Model */,
				733757531CA5894500FF4F03 /* View */,
			);
			path = TCTableViewController;
			sourceTree = "<group>";
		};
		7337574C1CA5894500FF4F03 /* Controller */ = {
			isa = PBXGroup;
			children = (
				7337574D1CA5894500FF4F03 /* TCTableViewController.h */,
				7337574E1CA5894500FF4F03 /* TCTableViewController.m */,
				73D788181D5A5E5400627624 /* TCTableViewController+TableKeyboardLayout.h */,
				73D788191D5A5E5400627624 /* TCTableViewController+TableKeyboardLayout.m */,
				73A760551D5A47600038049A /* TCTableController.h */,
				73A760561D5A47600038049A /* TCTableController.m */,
			);
			path = Controller;
			sourceTree = "<group>";
		};
		7337574F1CA5894500FF4F03 /* Model */ = {
			isa = PBXGroup;
			children = (
				7394B3881D4A312C001309AE /* TCTableViewModel.h */,
				733757501CA5894500FF4F03 /* TCTableModel+Subclass.h */,
				733757511CA5894500FF4F03 /* TCTableModel.h */,
				733757521CA5894500FF4F03 /* TCTableModel.m */,
			);
			path = Model;
			sourceTree = "<group>";
		};
		733757531CA5894500FF4F03 /* View */ = {
			isa = PBXGroup;
			children = (
				733757541CA5894500FF4F03 /* TCTableBaseView.h */,
				733757551CA5894500FF4F03 /* TCTableBaseView.m */,
				733757561CA5894500FF4F03 /* TCTableViewCell.h */,
				73EA9A081CA7BFF8002C1D6A /* TCSectionHeaderView.h */,
				730A871B1D5A5B6F00DD3D94 /* TCTableViewContainer.h */,
			);
			path = View;
			sourceTree = "<group>";
		};
		733757571CA5894500FF4F03 /* CoreData */ = {
			isa = PBXGroup;
			children = (
				733757581CA5894500FF4F03 /* TCCollectionView */,
				7337575D1CA5894500FF4F03 /* TCSelectionController */,
				733757611CA5894500FF4F03 /* TCTableBaseController */,
			);
			path = CoreData;
			sourceTree = "<group>";
		};
		733757581CA5894500FF4F03 /* TCCollectionView */ = {
			isa = PBXGroup;
			children = (
				733757591CA5894500FF4F03 /* Model */,
			);
			path = TCCollectionView;
			sourceTree = "<group>";
		};
		733757591CA5894500FF4F03 /* Model */ = {
			isa = PBXGroup;
			children = (
				7337575A1CA5894500FF4F03 /* TCCollectionManagedModel+Subclass.h */,
				7337575B1CA5894500FF4F03 /* TCCollectionManagedModel.h */,
				7337575C1CA5894500FF4F03 /* TCCollectionManagedModel.m */,
			);
			path = Model;
			sourceTree = "<group>";
		};
		7337575D1CA5894500FF4F03 /* TCSelectionController */ = {
			isa = PBXGroup;
			children = (
				7337575E1CA5894500FF4F03 /* Model */,
			);
			path = TCSelectionController;
			sourceTree = "<group>";
		};
		7337575E1CA5894500FF4F03 /* Model */ = {
			isa = PBXGroup;
			children = (
				7337575F1CA5894500FF4F03 /* TCSelectionManagedModel.h */,
				733757601CA5894500FF4F03 /* TCSelectionManagedModel.m */,
			);
			path = Model;
			sourceTree = "<group>";
		};
		733757611CA5894500FF4F03 /* TCTableBaseController */ = {
			isa = PBXGroup;
			children = (
				733757621CA5894500FF4F03 /* Model */,
			);
			path = TCTableBaseController;
			sourceTree = "<group>";
		};
		733757621CA5894500FF4F03 /* Model */ = {
			isa = PBXGroup;
			children = (
				733757631CA5894500FF4F03 /* TCTableManagedModel+Subclass.h */,
				733757641CA5894500FF4F03 /* TCTableManagedModel.h */,
				733757651CA5894500FF4F03 /* TCTableManagedModel.m */,
			);
			path = Model;
			sourceTree = "<group>";
		};
		733757751CA5895900FF4F03 /* Suporting Files */ = {
			isa = PBXGroup;
			children = (
				733757761CA589D100FF4F03 /* TCCollections-Prefix.pch */,
			);
			name = "Suporting Files";
			sourceTree = "<group>";
		};
		7337577B1CA589F900FF4F03 /* Frameworks */ = {
			isa = PBXGroup;
			children = (
				733757791CA589EF00FF4F03 /* UIKit.framework */,
				733757771CA589E200FF4F03 /* Foundation.framework */,
				0FEF50551282EF6BFC7BA72B /* libPods-TCCollections.a */,
			);
			name = Frameworks;
			path = TCCollections;
			sourceTree = "<group>";
		};
		7337577C1CA58CDE00FF4F03 /* Podspec Metadata */ = {
			isa = PBXGroup;
			children = (
				7337577D1CA58D0200FF4F03 /* LICENSE */,
				7337577E1CA58D0200FF4F03 /* README.md */,
				7337577F1CA58D0200FF4F03 /* TCCollections.podspec */,
			);
			name = "Podspec Metadata";
			sourceTree = "<group>";
		};
/* End PBXGroup section */

/* Begin PBXNativeTarget section */
		733757221CA5888000FF4F03 /* TCCollections */ = {
			isa = PBXNativeTarget;
			buildConfigurationList = 7337572C1CA5888000FF4F03 /* Build configuration list for PBXNativeTarget "TCCollections" */;
			buildPhases = (
				1612D04CFC7238A83B1A6CA6 /* 📦 Check Pods Manifest.lock */,
				7337571F1CA5888000FF4F03 /* Sources */,
				733757201CA5888000FF4F03 /* Frameworks */,
				733757211CA5888000FF4F03 /* CopyFiles */,
				5B45856C1F252E17746C8238 /* 📦 Copy Pods Resources */,
			);
			buildRules = (
			);
			dependencies = (
			);
			name = TCCollections;
			productName = TCCollections;
			productReference = 733757231CA5888000FF4F03 /* libTCCollections.a */;
			productType = "com.apple.product-type.library.static";
		};
/* End PBXNativeTarget section */

/* Begin PBXProject section */
		7337571B1CA5888000FF4F03 /* Project object */ = {
			isa = PBXProject;
			attributes = {
				LastUpgradeCheck = 0730;
				ORGANIZATIONNAME = Tayphoon;
				TargetAttributes = {
					733757221CA5888000FF4F03 = {
						CreatedOnToolsVersion = 7.3;
					};
				};
			};
			buildConfigurationList = 7337571E1CA5888000FF4F03 /* Build configuration list for PBXProject "TCCollections" */;
			compatibilityVersion = "Xcode 3.2";
			developmentRegion = English;
			hasScannedForEncodings = 0;
			knownRegions = (
				en,
			);
			mainGroup = 7337571A1CA5888000FF4F03;
			productRefGroup = 733757241CA5888000FF4F03 /* Products */;
			projectDirPath = "";
			projectRoot = "";
			targets = (
				733757221CA5888000FF4F03 /* TCCollections */,
			);
		};
/* End PBXProject section */

/* Begin PBXShellScriptBuildPhase section */
		1612D04CFC7238A83B1A6CA6 /* 📦 Check Pods Manifest.lock */ = {
			isa = PBXShellScriptBuildPhase;
			buildActionMask = 2147483647;
			files = (
			);
			inputPaths = (
			);
			name = "📦 Check Pods Manifest.lock";
			outputPaths = (
			);
			runOnlyForDeploymentPostprocessing = 0;
			shellPath = /bin/sh;
			shellScript = "diff \"${PODS_ROOT}/../Podfile.lock\" \"${PODS_ROOT}/Manifest.lock\" > /dev/null\nif [[ $? != 0 ]] ; then\n    cat << EOM\nerror: The sandbox is not in sync with the Podfile.lock. Run 'pod install' or update your CocoaPods installation.\nEOM\n    exit 1\nfi\n";
			showEnvVarsInLog = 0;
		};
		5B45856C1F252E17746C8238 /* 📦 Copy Pods Resources */ = {
			isa = PBXShellScriptBuildPhase;
			buildActionMask = 2147483647;
			files = (
			);
			inputPaths = (
			);
			name = "📦 Copy Pods Resources";
			outputPaths = (
			);
			runOnlyForDeploymentPostprocessing = 0;
			shellPath = /bin/sh;
			shellScript = "\"${SRCROOT}/Pods/Target Support Files/Pods-TCCollections/Pods-TCCollections-resources.sh\"\n";
			showEnvVarsInLog = 0;
		};
/* End PBXShellScriptBuildPhase section */

/* Begin PBXSourcesBuildPhase section */
		7337571F1CA5888000FF4F03 /* Sources */ = {
			isa = PBXSourcesBuildPhase;
			buildActionMask = 2147483647;
			files = (
				7337576F1CA5894500FF4F03 /* TCTableViewController.m in Sources */,
				7337576C1CA5894500FF4F03 /* UICollectionView+Updates.m in Sources */,
				7337576E1CA5894500FF4F03 /* TCSelectionModel.m in Sources */,
				733757691CA5894500FF4F03 /* TCTitledCollectionController.m in Sources */,
				733757741CA5894500FF4F03 /* TCTableManagedModel.m in Sources */,
				73A760571D5A47600038049A /* TCTableController.m in Sources */,
				733757721CA5894500FF4F03 /* TCCollectionManagedModel.m in Sources */,
				733757681CA5894500FF4F03 /* TCCollectionController.m in Sources */,
				733757711CA5894500FF4F03 /* TCTableBaseView.m in Sources */,
				733757701CA5894500FF4F03 /* TCTableModel.m in Sources */,
				73D7881A1D5A5E5400627624 /* TCTableViewController+TableKeyboardLayout.m in Sources */,
				7337576D1CA5894500FF4F03 /* TCSelectionController.m in Sources */,
				7337576A1CA5894500FF4F03 /* TCCollectionModel.m in Sources */,
				7337576B1CA5894500FF4F03 /* TCTitledCollectionView.m in Sources */,
				733757731CA5894500FF4F03 /* TCSelectionManagedModel.m in Sources */,
			);
			runOnlyForDeploymentPostprocessing = 0;
		};
/* End PBXSourcesBuildPhase section */

/* Begin XCBuildConfiguration section */
		7337572A1CA5888000FF4F03 /* Debug */ = {
			isa = XCBuildConfiguration;
			buildSettings = {
				ALWAYS_SEARCH_USER_PATHS = NO;
				CLANG_ANALYZER_NONNULL = YES;
				CLANG_CXX_LANGUAGE_STANDARD = "gnu++0x";
				CLANG_CXX_LIBRARY = "libc++";
				CLANG_ENABLE_MODULES = YES;
				CLANG_ENABLE_OBJC_ARC = YES;
				CLANG_WARN_BOOL_CONVERSION = YES;
				CLANG_WARN_CONSTANT_CONVERSION = YES;
				CLANG_WARN_DIRECT_OBJC_ISA_USAGE = YES_ERROR;
				CLANG_WARN_EMPTY_BODY = YES;
				CLANG_WARN_ENUM_CONVERSION = YES;
				CLANG_WARN_INT_CONVERSION = YES;
				CLANG_WARN_OBJC_ROOT_CLASS = YES_ERROR;
				CLANG_WARN_UNREACHABLE_CODE = YES;
				CLANG_WARN__DUPLICATE_METHOD_MATCH = YES;
				"CODE_SIGN_IDENTITY[sdk=iphoneos*]" = "iPhone Developer";
				COPY_PHASE_STRIP = NO;
				DEBUG_INFORMATION_FORMAT = dwarf;
				ENABLE_STRICT_OBJC_MSGSEND = YES;
				ENABLE_TESTABILITY = YES;
				GCC_C_LANGUAGE_STANDARD = gnu99;
				GCC_DYNAMIC_NO_PIC = NO;
				GCC_NO_COMMON_BLOCKS = YES;
				GCC_OPTIMIZATION_LEVEL = 0;
				GCC_PREPROCESSOR_DEFINITIONS = (
					"DEBUG=1",
					"$(inherited)",
				);
				GCC_WARN_64_TO_32_BIT_CONVERSION = YES;
				GCC_WARN_ABOUT_RETURN_TYPE = YES_ERROR;
				GCC_WARN_UNDECLARED_SELECTOR = YES;
				GCC_WARN_UNINITIALIZED_AUTOS = YES_AGGRESSIVE;
				GCC_WARN_UNUSED_FUNCTION = YES;
				GCC_WARN_UNUSED_VARIABLE = YES;
				IPHONEOS_DEPLOYMENT_TARGET = 9.3;
				MTL_ENABLE_DEBUG_INFO = YES;
				ONLY_ACTIVE_ARCH = YES;
				SDKROOT = iphoneos;
			};
			name = Debug;
		};
		7337572B1CA5888000FF4F03 /* Release */ = {
			isa = XCBuildConfiguration;
			buildSettings = {
				ALWAYS_SEARCH_USER_PATHS = NO;
				CLANG_ANALYZER_NONNULL = YES;
				CLANG_CXX_LANGUAGE_STANDARD = "gnu++0x";
				CLANG_CXX_LIBRARY = "libc++";
				CLANG_ENABLE_MODULES = YES;
				CLANG_ENABLE_OBJC_ARC = YES;
				CLANG_WARN_BOOL_CONVERSION = YES;
				CLANG_WARN_CONSTANT_CONVERSION = YES;
				CLANG_WARN_DIRECT_OBJC_ISA_USAGE = YES_ERROR;
				CLANG_WARN_EMPTY_BODY = YES;
				CLANG_WARN_ENUM_CONVERSION = YES;
				CLANG_WARN_INT_CONVERSION = YES;
				CLANG_WARN_OBJC_ROOT_CLASS = YES_ERROR;
				CLANG_WARN_UNREACHABLE_CODE = YES;
				CLANG_WARN__DUPLICATE_METHOD_MATCH = YES;
				"CODE_SIGN_IDENTITY[sdk=iphoneos*]" = "iPhone Developer";
				COPY_PHASE_STRIP = NO;
				DEBUG_INFORMATION_FORMAT = "dwarf-with-dsym";
				ENABLE_NS_ASSERTIONS = NO;
				ENABLE_STRICT_OBJC_MSGSEND = YES;
				GCC_C_LANGUAGE_STANDARD = gnu99;
				GCC_NO_COMMON_BLOCKS = YES;
				GCC_WARN_64_TO_32_BIT_CONVERSION = YES;
				GCC_WARN_ABOUT_RETURN_TYPE = YES_ERROR;
				GCC_WARN_UNDECLARED_SELECTOR = YES;
				GCC_WARN_UNINITIALIZED_AUTOS = YES_AGGRESSIVE;
				GCC_WARN_UNUSED_FUNCTION = YES;
				GCC_WARN_UNUSED_VARIABLE = YES;
				IPHONEOS_DEPLOYMENT_TARGET = 9.3;
				MTL_ENABLE_DEBUG_INFO = NO;
				SDKROOT = iphoneos;
				VALIDATE_PRODUCT = YES;
			};
			name = Release;
		};
		7337572D1CA5888000FF4F03 /* Debug */ = {
			isa = XCBuildConfiguration;
			baseConfigurationReference = 9078595800ECA69BA2D33253 /* Pods-TCCollections.debug.xcconfig */;
			buildSettings = {
				GCC_PRECOMPILE_PREFIX_HEADER = YES;
				GCC_PREFIX_HEADER = "TCCollections/TCCollections-Prefix.pch";
				IPHONEOS_DEPLOYMENT_TARGET = 8.0;
				OTHER_LDFLAGS = "$(inherited)";
				PRODUCT_NAME = "$(TARGET_NAME)";
				SKIP_INSTALL = YES;
			};
			name = Debug;
		};
		7337572E1CA5888000FF4F03 /* Release */ = {
			isa = XCBuildConfiguration;
			baseConfigurationReference = C96ED412C5845A407D74938F /* Pods-TCCollections.release.xcconfig */;
			buildSettings = {
				GCC_PRECOMPILE_PREFIX_HEADER = YES;
				GCC_PREFIX_HEADER = "TCCollections/TCCollections-Prefix.pch";
				IPHONEOS_DEPLOYMENT_TARGET = 8.0;
				OTHER_LDFLAGS = "$(inherited)";
				PRODUCT_NAME = "$(TARGET_NAME)";
				SKIP_INSTALL = YES;
			};
			name = Release;
		};
/* End XCBuildConfiguration section */

/* Begin XCConfigurationList section */
		7337571E1CA5888000FF4F03 /* Build configuration list for PBXProject "TCCollections" */ = {
			isa = XCConfigurationList;
			buildConfigurations = (
				7337572A1CA5888000FF4F03 /* Debug */,
				7337572B1CA5888000FF4F03 /* Release */,
			);
			defaultConfigurationIsVisible = 0;
			defaultConfigurationName = Release;
		};
		7337572C1CA5888000FF4F03 /* Build configuration list for PBXNativeTarget "TCCollections" */ = {
			isa = XCConfigurationList;
			buildConfigurations = (
				7337572D1CA5888000FF4F03 /* Debug */,
				7337572E1CA5888000FF4F03 /* Release */,
			);
			defaultConfigurationIsVisible = 0;
			defaultConfigurationName = Release;
		};
/* End XCConfigurationList section */
	};
	rootObject = 7337571B1CA5888000FF4F03 /* Project object */;
}
